
Microsoft Visual Studio Solution File, Format Version 12.00
# Visual Studio Version 17
VisualStudioVersion = 17.6.33815.320
MinimumVisualStudioVersion = 10.0.40219.1
Project("{9A19103F-16F7-4668-BE54-9A1E7A4F7556}") = "BethanysPieShop", "BethanysPieShop.csproj", "{F966983A-1D71-4F8A-A064-2DC3E441EB3B}"
EndProject
Global
	GlobalSection(SolutionConfigurationPlatforms) = preSolution
		Debug|Any CPU = Debug|Any CPU
		Release|Any CPU = Release|Any CPU
	EndGlobalSection
	GlobalSection(ProjectConfigurationPlatforms) = postSolution
		{F966983A-1D71-4F8A-A064-2DC3E441EB3B}.Debug|Any CPU.ActiveCfg = Debug|Any CPU
		{F966983A-1D71-4F8A-A064-2DC3E441EB3B}.Debug|Any CPU.Build.0 = Debug|Any CPU
		{F966983A-1D71-4F8A-A064-2DC3E441EB3B}.Release|Any CPU.ActiveCfg = Release|Any CPU
		{F966983A-1D71-4F8A-A064-2DC3E441EB3B}.Release|Any CPU.Build.0 = Release|Any CPU
	EndGlobalSection
	GlobalSection(SolutionProperties) = preSolution
		HideSolutionNode = FALSE
	EndGlobalSection
	GlobalSection(ExtensibilityGlobals) = postSolution
		SolutionGuid = {CC6435B7-8A5E-4F21-963E-F799874782C2}
	EndGlobalSection
EndGlobal
